
Microsoft Visual Studio Solution File, Format Version 11.00
# Visual Studio 2010
Project("{FAE04EC0-301F-11D3-BF4B-00C04F79EFBC}") = "DynaForms", "DynaForms\DynaForms.csproj", "{93569466-A124-45E2-A6F6-49AF7EBD72D8}"
EndProject
Project("{FAE04EC0-301F-11D3-BF4B-00C04F79EFBC}") = "DynaForms_Test", "DynaForms_Test\DynaForms_Test.csproj", "{AB5C11B5-D255-4BA1-B31C-9767F4A51AF7}"
EndProject
Project("{2150E333-8FDC-42A3-9474-1A3956D46DE8}") = "Solution Items", "Solution Items", "{B1291F98-5739-4387-9AE4-B13133DBFCEA}"
	ProjectSection(SolutionItems) = preProject
		DynaForms.vsmdi = DynaForms.vsmdi
		Local.testsettings = Local.testsettings
		TraceAndTestImpact.testsettings = TraceAndTestImpact.testsettings
	EndProjectSection
EndProject
Project("{E24C65DC-7377-472B-9ABA-BC803B73C61A}") = "localhost", "http://localhost:52692", "{BA09CC81-DEA6-42FA-8840-D7B1C68EC905}"
	ProjectSection(WebsiteProperties) = preProject
		UseIISExpress = "true"
		TargetFrameworkMoniker = ".NETFramework,Version%3Dv4.0"
		ProjectReferences = "{93569466-A124-45E2-A6F6-49AF7EBD72D8}|DynaForms.dll;"
		Debug.AspNetCompiler.VirtualPath = "/localhost_52692"
		Debug.AspNetCompiler.PhysicalPath = "..\..\..\Visual Studio 2010\Projects\GitHub\DynaForms\Sample_WebPages\"
		Debug.AspNetCompiler.TargetPath = "PrecompiledWeb\localhost_52692\"
		Debug.AspNetCompiler.Updateable = "true"
		Debug.AspNetCompiler.ForceOverwrite = "true"
		Debug.AspNetCompiler.FixedNames = "false"
		Debug.AspNetCompiler.Debug = "True"
		Release.AspNetCompiler.VirtualPath = "/localhost_52692"
		Release.AspNetCompiler.PhysicalPath = "..\..\..\Visual Studio 2010\Projects\GitHub\DynaForms\Sample_WebPages\"
		Release.AspNetCompiler.TargetPath = "PrecompiledWeb\localhost_52692\"
		Release.AspNetCompiler.Updateable = "true"
		Release.AspNetCompiler.ForceOverwrite = "true"
		Release.AspNetCompiler.FixedNames = "false"
		Release.AspNetCompiler.Debug = "False"
		SlnRelativePath = "..\Sample_WebPages\"
		DefaultWebSiteLanguage = "Visual C#"
	EndProjectSection
EndProject
Project("{FAE04EC0-301F-11D3-BF4B-00C04F79EFBC}") = "Sample_MVC3", "Sample_MVC3\Sample_MVC3.csproj", "{87A4A1C8-5639-4A83-A5B2-4E544125D969}"
EndProject
Project("{FAE04EC0-301F-11D3-BF4B-00C04F79EFBC}") = "Sample_Nancy", "Sample_Nancy\Sample_Nancy.csproj", "{C1FA2CDD-BDD7-4DA7-A4E3-556E6819031F}"
EndProject
Project("{FAE04EC0-301F-11D3-BF4B-00C04F79EFBC}") = "DynaFormsPetaPoco", "DynaFormsPetaPoco\DynaFormsPetaPoco.csproj", "{67EA80D3-F0A6-4CCB-A0E6-0BE7094227BD}"
EndProject
Global
	GlobalSection(TestCaseManagementSettings) = postSolution
		CategoryFile = DynaForms.vsmdi
	EndGlobalSection
	GlobalSection(SolutionConfigurationPlatforms) = preSolution
		Debug|Any CPU = Debug|Any CPU
		Release|Any CPU = Release|Any CPU
	EndGlobalSection
	GlobalSection(ProjectConfigurationPlatforms) = postSolution
		{93569466-A124-45E2-A6F6-49AF7EBD72D8}.Debug|Any CPU.ActiveCfg = Debug|Any CPU
		{93569466-A124-45E2-A6F6-49AF7EBD72D8}.Debug|Any CPU.Build.0 = Debug|Any CPU
		{93569466-A124-45E2-A6F6-49AF7EBD72D8}.Release|Any CPU.ActiveCfg = Release|Any CPU
		{93569466-A124-45E2-A6F6-49AF7EBD72D8}.Release|Any CPU.Build.0 = Release|Any CPU
		{AB5C11B5-D255-4BA1-B31C-9767F4A51AF7}.Debug|Any CPU.ActiveCfg = Debug|Any CPU
		{AB5C11B5-D255-4BA1-B31C-9767F4A51AF7}.Debug|Any CPU.Build.0 = Debug|Any CPU
		{AB5C11B5-D255-4BA1-B31C-9767F4A51AF7}.Release|Any CPU.ActiveCfg = Release|Any CPU
		{AB5C11B5-D255-4BA1-B31C-9767F4A51AF7}.Release|Any CPU.Build.0 = Release|Any CPU
		{BA09CC81-DEA6-42FA-8840-D7B1C68EC905}.Debug|Any CPU.ActiveCfg = Debug|Any CPU
		{BA09CC81-DEA6-42FA-8840-D7B1C68EC905}.Debug|Any CPU.Build.0 = Debug|Any CPU
		{BA09CC81-DEA6-42FA-8840-D7B1C68EC905}.Release|Any CPU.ActiveCfg = Debug|Any CPU
		{BA09CC81-DEA6-42FA-8840-D7B1C68EC905}.Release|Any CPU.Build.0 = Debug|Any CPU
		{87A4A1C8-5639-4A83-A5B2-4E544125D969}.Debug|Any CPU.ActiveCfg = Debug|Any CPU
		{87A4A1C8-5639-4A83-A5B2-4E544125D969}.Debug|Any CPU.Build.0 = Debug|Any CPU
		{87A4A1C8-5639-4A83-A5B2-4E544125D969}.Release|Any CPU.ActiveCfg = Release|Any CPU
		{87A4A1C8-5639-4A83-A5B2-4E544125D969}.Release|Any CPU.Build.0 = Release|Any CPU
		{C1FA2CDD-BDD7-4DA7-A4E3-556E6819031F}.Debug|Any CPU.ActiveCfg = Debug|Any CPU
		{C1FA2CDD-BDD7-4DA7-A4E3-556E6819031F}.Debug|Any CPU.Build.0 = Debug|Any CPU
		{C1FA2CDD-BDD7-4DA7-A4E3-556E6819031F}.Release|Any CPU.ActiveCfg = Release|Any CPU
		{C1FA2CDD-BDD7-4DA7-A4E3-556E6819031F}.Release|Any CPU.Build.0 = Release|Any CPU
		{67EA80D3-F0A6-4CCB-A0E6-0BE7094227BD}.Debug|Any CPU.ActiveCfg = Debug|Any CPU
		{67EA80D3-F0A6-4CCB-A0E6-0BE7094227BD}.Debug|Any CPU.Build.0 = Debug|Any CPU
		{67EA80D3-F0A6-4CCB-A0E6-0BE7094227BD}.Release|Any CPU.ActiveCfg = Release|Any CPU
		{67EA80D3-F0A6-4CCB-A0E6-0BE7094227BD}.Release|Any CPU.Build.0 = Release|Any CPU
	EndGlobalSection
	GlobalSection(SolutionProperties) = preSolution
		HideSolutionNode = FALSE
	EndGlobalSection
EndGlobal
